{
	"name": "wink-vscode-extension",
	"version": "0.0.1",
	"lockfileVersion": 2,
	"requires": true,
	"packages": {
		"": {
			"name": "wink-vscode-extension",
			"version": "0.0.1",
			"license": "MIT",
			"dependencies": {
				"ts-sc-client-ws": "0.3.1",
				"vscode-languageclient": "^5.1.0-next.9",
				"xmldom": "^0.6.0"
			},
			"devDependencies": {
				"@types/vscode": "^1.67.0",
				"@types/xmldom": "^0.1.31"
			},
			"engines": {
				"vscode": "^1.67.0"
			}
		},
		"node_modules/@types/vscode": {
			"version": "1.73.0",
			"resolved": "https://registry.npmjs.org/@types/vscode/-/vscode-1.73.0.tgz",
			"integrity": "sha512-FhkfF7V3fj7S3WqXu7AxFesBLO3uMkdCPJJPbwyZXezv2xJ6xBWHYM2CmkkbO8wT9Fr3KipwxGGOoQRrYq7mHg==",
			"dev": true
		},
		"node_modules/@types/xmldom": {
			"version": "0.1.31",
			"resolved": "https://registry.npmjs.org/@types/xmldom/-/xmldom-0.1.31.tgz",
			"integrity": "sha512-bVy7s0nvaR5D1mT1a8ZkByHWNOGb6Vn4yi5TWhEdmyKlAG+08SA7Md6+jH+tYmMLueAwNeWvHHpeKrr6S4c4BA==",
			"dev": true
		},
		"node_modules/semver": {
			"version": "5.7.1",
			"resolved": "https://registry.npmjs.org/semver/-/semver-5.7.1.tgz",
			"integrity": "sha512-sauaDf/PZdVgrLTNYHRtpXa1iRiKcaebiKQ1BJdpQlWH2lCvexQdX55snPFyK7QzpudqbCI0qXFfOasHdyNDGQ==",
			"bin": {
				"semver": "bin/semver"
			}
		},
		"node_modules/ts-sc-client-ws": {
			"version": "0.3.1",
			"resolved": "https://registry.npmjs.org/ts-sc-client-ws/-/ts-sc-client-ws-0.3.1.tgz",
			"integrity": "sha512-AmNW2J+iWeT5sagV26VbilNQX6F4DiD9IEYr+DPXRCyPyEiz6ZLjfklwVcdnBnpZRaUeeluKrS9N2wENjSKGBw==",
			"dependencies": {
				"ws": "8.10.0"
			}
		},
		"node_modules/vscode-jsonrpc": {
			"version": "4.0.0",
			"resolved": "https://registry.npmjs.org/vscode-jsonrpc/-/vscode-jsonrpc-4.0.0.tgz",
			"integrity": "sha512-perEnXQdQOJMTDFNv+UF3h1Y0z4iSiaN9jIlb0OqIYgosPCZGYh/MCUlkFtV2668PL69lRDO32hmvL2yiidUYg==",
			"engines": {
				"node": ">=8.0.0 || >=10.0.0"
			}
		},
		"node_modules/vscode-languageclient": {
			"version": "5.2.1",
			"resolved": "https://registry.npmjs.org/vscode-languageclient/-/vscode-languageclient-5.2.1.tgz",
			"integrity": "sha512-7jrS/9WnV0ruqPamN1nE7qCxn0phkH5LjSgSp9h6qoJGoeAKzwKz/PF6M+iGA/aklx4GLZg1prddhEPQtuXI1Q==",
			"dependencies": {
				"semver": "^5.5.0",
				"vscode-languageserver-protocol": "3.14.1"
			},
			"engines": {
				"vscode": "^1.30"
			}
		},
		"node_modules/vscode-languageserver-protocol": {
			"version": "3.14.1",
			"resolved": "https://registry.npmjs.org/vscode-languageserver-protocol/-/vscode-languageserver-protocol-3.14.1.tgz",
			"integrity": "sha512-IL66BLb2g20uIKog5Y2dQ0IiigW0XKrvmWiOvc0yXw80z3tMEzEnHjaGAb3ENuU7MnQqgnYJ1Cl2l9RvNgDi4g==",
			"dependencies": {
				"vscode-jsonrpc": "^4.0.0",
				"vscode-languageserver-types": "3.14.0"
			}
		},
		"node_modules/vscode-languageserver-types": {
			"version": "3.14.0",
			"resolved": "https://registry.npmjs.org/vscode-languageserver-types/-/vscode-languageserver-types-3.14.0.tgz",
			"integrity": "sha512-lTmS6AlAlMHOvPQemVwo3CezxBp0sNB95KNPkqp3Nxd5VFEnuG1ByM0zlRWos0zjO3ZWtkvhal0COgiV1xIA4A=="
		},
		"node_modules/ws": {
			"version": "8.10.0",
			"resolved": "https://registry.npmjs.org/ws/-/ws-8.10.0.tgz",
			"integrity": "sha512-+s49uSmZpvtAsd2h37vIPy1RBusaLawVe8of+GyEPsaJTCMpj/2v8NpeK1SHXjBlQ95lQTmQofOJnFiLoaN3yw==",
			"engines": {
				"node": ">=10.0.0"
			},
			"peerDependencies": {
				"bufferutil": "^4.0.1",
				"utf-8-validate": "^5.0.2"
			},
			"peerDependenciesMeta": {
				"bufferutil": {
					"optional": true
				},
				"utf-8-validate": {
					"optional": true
				}
			}
		},
		"node_modules/xmldom": {
			"version": "0.6.0",
			"resolved": "https://registry.npmjs.org/xmldom/-/xmldom-0.6.0.tgz",
			"integrity": "sha512-iAcin401y58LckRZ0TkI4k0VSM1Qg0KGSc3i8rU+xrxe19A/BN1zHyVSJY7uoutVlaTSzYyk/v5AmkewAP7jtg==",
			"engines": {
				"node": ">=10.0.0"
			}
		}
	},
	"dependencies": {
		"@types/vscode": {
			"version": "1.73.0",
			"resolved": "https://registry.npmjs.org/@types/vscode/-/vscode-1.73.0.tgz",
			"integrity": "sha512-FhkfF7V3fj7S3WqXu7AxFesBLO3uMkdCPJJPbwyZXezv2xJ6xBWHYM2CmkkbO8wT9Fr3KipwxGGOoQRrYq7mHg==",
			"dev": true
		},
		"@types/xmldom": {
			"version": "0.1.31",
			"resolved": "https://registry.npmjs.org/@types/xmldom/-/xmldom-0.1.31.tgz",
			"integrity": "sha512-bVy7s0nvaR5D1mT1a8ZkByHWNOGb6Vn4yi5TWhEdmyKlAG+08SA7Md6+jH+tYmMLueAwNeWvHHpeKrr6S4c4BA==",
			"dev": true
		},
		"semver": {
			"version": "5.7.1",
			"resolved": "https://registry.npmjs.org/semver/-/semver-5.7.1.tgz",
			"integrity": "sha512-sauaDf/PZdVgrLTNYHRtpXa1iRiKcaebiKQ1BJdpQlWH2lCvexQdX55snPFyK7QzpudqbCI0qXFfOasHdyNDGQ=="
		},
		"ts-sc-client-ws": {
			"version": "0.3.1",
			"resolved": "https://registry.npmjs.org/ts-sc-client-ws/-/ts-sc-client-ws-0.3.1.tgz",
			"integrity": "sha512-AmNW2J+iWeT5sagV26VbilNQX6F4DiD9IEYr+DPXRCyPyEiz6ZLjfklwVcdnBnpZRaUeeluKrS9N2wENjSKGBw==",
			"requires": {
				"ws": "8.10.0"
			}
		},
		"vscode-jsonrpc": {
			"version": "4.0.0",
			"resolved": "https://registry.npmjs.org/vscode-jsonrpc/-/vscode-jsonrpc-4.0.0.tgz",
			"integrity": "sha512-perEnXQdQOJMTDFNv+UF3h1Y0z4iSiaN9jIlb0OqIYgosPCZGYh/MCUlkFtV2668PL69lRDO32hmvL2yiidUYg=="
		},
		"vscode-languageclient": {
			"version": "5.2.1",
			"resolved": "https://registry.npmjs.org/vscode-languageclient/-/vscode-languageclient-5.2.1.tgz",
			"integrity": "sha512-7jrS/9WnV0ruqPamN1nE7qCxn0phkH5LjSgSp9h6qoJGoeAKzwKz/PF6M+iGA/aklx4GLZg1prddhEPQtuXI1Q==",
			"requires": {
				"semver": "^5.5.0",
				"vscode-languageserver-protocol": "3.14.1"
			}
		},
		"vscode-languageserver-protocol": {
			"version": "3.14.1",
			"resolved": "https://registry.npmjs.org/vscode-languageserver-protocol/-/vscode-languageserver-protocol-3.14.1.tgz",
			"integrity": "sha512-IL66BLb2g20uIKog5Y2dQ0IiigW0XKrvmWiOvc0yXw80z3tMEzEnHjaGAb3ENuU7MnQqgnYJ1Cl2l9RvNgDi4g==",
			"requires": {
				"vscode-jsonrpc": "^4.0.0",
				"vscode-languageserver-types": "3.14.0"
			}
		},
		"vscode-languageserver-types": {
			"version": "3.14.0",
			"resolved": "https://registry.npmjs.org/vscode-languageserver-types/-/vscode-languageserver-types-3.14.0.tgz",
			"integrity": "sha512-lTmS6AlAlMHOvPQemVwo3CezxBp0sNB95KNPkqp3Nxd5VFEnuG1ByM0zlRWos0zjO3ZWtkvhal0COgiV1xIA4A=="
		},
		"ws": {
			"version": "8.10.0",
			"resolved": "https://registry.npmjs.org/ws/-/ws-8.10.0.tgz",
			"integrity": "sha512-+s49uSmZpvtAsd2h37vIPy1RBusaLawVe8of+GyEPsaJTCMpj/2v8NpeK1SHXjBlQ95lQTmQofOJnFiLoaN3yw==",
			"requires": {}
		},
		"xmldom": {
			"version": "0.6.0",
			"resolved": "https://registry.npmjs.org/xmldom/-/xmldom-0.6.0.tgz",
			"integrity": "sha512-iAcin401y58LckRZ0TkI4k0VSM1Qg0KGSc3i8rU+xrxe19A/BN1zHyVSJY7uoutVlaTSzYyk/v5AmkewAP7jtg=="
		}
	}
}
