{
	"name": "lsp-sample-server",
	"version": "1.0.0",
	"lockfileVersion": 2,
	"requires": true,
	"packages": {
		"": {
			"name": "lsp-sample-server",
			"version": "1.0.0",
			"license": "MIT",
			"dependencies": {
				"@types/node": "^16.11.7",
				"antlr4": "^4.11.2",
				"antlr4ts": "0.5.0-alpha.4",
				"ts-sc-client-ws": "0.3.3",
				"typescript": "^4.5.5",
				"vscode-languageserver": "^5.1.0-next.5"
			},
			"devDependencies": {
				"@types/antlr4": "^4.11.2"
			},
			"engines": {
				"node": "*"
			}
		},
		"node_modules/@types/antlr4": {
			"version": "4.11.2",
			"resolved": "https://registry.npmjs.org/@types/antlr4/-/antlr4-4.11.2.tgz",
			"integrity": "sha512-WVDiUppozGAKAL76KbXX63A4U4a0HfHM/5X7+GWzen7OaS/7eJEMdd61B+Hhl52Kedcmr80/jNeeWrM3Z/icig==",
			"dev": true
		},
		"node_modules/@types/node": {
			"version": "16.11.59",
			"resolved": "https://registry.npmjs.org/@types/node/-/node-16.11.59.tgz",
			"integrity": "sha512-6u+36Dj3aDzhfBVUf/mfmc92OEdzQ2kx2jcXGdigfl70E/neV21ZHE6UCz4MDzTRcVqGAM27fk+DLXvyDsn3Jw=="
		},
		"node_modules/antlr4": {
			"version": "4.12.0",
			"resolved": "https://registry.npmjs.org/antlr4/-/antlr4-4.12.0.tgz",
			"integrity": "sha512-23iB5IzXJZRZeK9TigzUyrNc9pSmNqAerJRBcNq1ETrmttMWRgaYZzC561IgEO3ygKsDJTYDTozABXa4b/fTQQ==",
			"engines": {
				"node": ">=16"
			}
		},
		"node_modules/antlr4ts": {
			"version": "0.5.0-alpha.4",
			"resolved": "https://registry.npmjs.org/antlr4ts/-/antlr4ts-0.5.0-alpha.4.tgz",
			"integrity": "sha512-WPQDt1B74OfPv/IMS2ekXAKkTZIHl88uMetg6q3OTqgFxZ/dxDXI0EWLyZid/1Pe6hTftyg5N7gel5wNAGxXyQ=="
		},
		"node_modules/ts-sc-client-ws": {
			"version": "0.3.3",
			"resolved": "https://registry.npmjs.org/ts-sc-client-ws/-/ts-sc-client-ws-0.3.3.tgz",
			"integrity": "sha512-WfKbW8fT/KV/+yZczSek85QCWBfb/ZzJzItEdWH/stlmSBcUpbWO8n9UcRjQ9/P81RzevJCn0elllvzfma1gyQ==",
			"dependencies": {
				"ws": "8.10.0"
			}
		},
		"node_modules/typescript": {
			"version": "4.8.3",
			"resolved": "https://registry.npmjs.org/typescript/-/typescript-4.8.3.tgz",
			"integrity": "sha512-goMHfm00nWPa8UvR/CPSvykqf6dVV8x/dp0c5mFTMTIu0u0FlGWRioyy7Nn0PGAdHxpJZnuO/ut+PpQ8UiHAig==",
			"bin": {
				"tsc": "bin/tsc",
				"tsserver": "bin/tsserver"
			},
			"engines": {
				"node": ">=4.2.0"
			}
		},
		"node_modules/vscode-jsonrpc": {
			"version": "4.0.0",
			"resolved": "https://registry.npmjs.org/vscode-jsonrpc/-/vscode-jsonrpc-4.0.0.tgz",
			"integrity": "sha512-perEnXQdQOJMTDFNv+UF3h1Y0z4iSiaN9jIlb0OqIYgosPCZGYh/MCUlkFtV2668PL69lRDO32hmvL2yiidUYg==",
			"engines": {
				"node": ">=8.0.0 || >=10.0.0"
			}
		},
		"node_modules/vscode-languageserver": {
			"version": "5.2.1",
			"resolved": "https://registry.npmjs.org/vscode-languageserver/-/vscode-languageserver-5.2.1.tgz",
			"integrity": "sha512-GuayqdKZqAwwaCUjDvMTAVRPJOp/SLON3mJ07eGsx/Iq9HjRymhKWztX41rISqDKhHVVyFM+IywICyZDla6U3A==",
			"dependencies": {
				"vscode-languageserver-protocol": "3.14.1",
				"vscode-uri": "^1.0.6"
			},
			"bin": {
				"installServerIntoExtension": "bin/installServerIntoExtension"
			}
		},
		"node_modules/vscode-languageserver-protocol": {
			"version": "3.14.1",
			"resolved": "https://registry.npmjs.org/vscode-languageserver-protocol/-/vscode-languageserver-protocol-3.14.1.tgz",
			"integrity": "sha512-IL66BLb2g20uIKog5Y2dQ0IiigW0XKrvmWiOvc0yXw80z3tMEzEnHjaGAb3ENuU7MnQqgnYJ1Cl2l9RvNgDi4g==",
			"dependencies": {
				"vscode-jsonrpc": "^4.0.0",
				"vscode-languageserver-types": "3.14.0"
			}
		},
		"node_modules/vscode-languageserver-types": {
			"version": "3.14.0",
			"resolved": "https://registry.npmjs.org/vscode-languageserver-types/-/vscode-languageserver-types-3.14.0.tgz",
			"integrity": "sha512-lTmS6AlAlMHOvPQemVwo3CezxBp0sNB95KNPkqp3Nxd5VFEnuG1ByM0zlRWos0zjO3ZWtkvhal0COgiV1xIA4A=="
		},
		"node_modules/vscode-uri": {
			"version": "1.0.8",
			"resolved": "https://registry.npmjs.org/vscode-uri/-/vscode-uri-1.0.8.tgz",
			"integrity": "sha512-obtSWTlbJ+a+TFRYGaUumtVwb+InIUVI0Lu0VBUAPmj2cU5JutEXg3xUE0c2J5Tcy7h2DEKVJBFi+Y9ZSFzzPQ=="
		},
		"node_modules/ws": {
			"version": "8.10.0",
			"resolved": "https://registry.npmjs.org/ws/-/ws-8.10.0.tgz",
			"integrity": "sha512-+s49uSmZpvtAsd2h37vIPy1RBusaLawVe8of+GyEPsaJTCMpj/2v8NpeK1SHXjBlQ95lQTmQofOJnFiLoaN3yw==",
			"engines": {
				"node": ">=10.0.0"
			},
			"peerDependencies": {
				"bufferutil": "^4.0.1",
				"utf-8-validate": "^5.0.2"
			},
			"peerDependenciesMeta": {
				"bufferutil": {
					"optional": true
				},
				"utf-8-validate": {
					"optional": true
				}
			}
		}
	},
	"dependencies": {
		"@types/antlr4": {
			"version": "4.11.2",
			"resolved": "https://registry.npmjs.org/@types/antlr4/-/antlr4-4.11.2.tgz",
			"integrity": "sha512-WVDiUppozGAKAL76KbXX63A4U4a0HfHM/5X7+GWzen7OaS/7eJEMdd61B+Hhl52Kedcmr80/jNeeWrM3Z/icig==",
			"dev": true
		},
		"@types/node": {
			"version": "16.11.59",
			"resolved": "https://registry.npmjs.org/@types/node/-/node-16.11.59.tgz",
			"integrity": "sha512-6u+36Dj3aDzhfBVUf/mfmc92OEdzQ2kx2jcXGdigfl70E/neV21ZHE6UCz4MDzTRcVqGAM27fk+DLXvyDsn3Jw=="
		},
		"antlr4": {
			"version": "4.12.0",
			"resolved": "https://registry.npmjs.org/antlr4/-/antlr4-4.12.0.tgz",
			"integrity": "sha512-23iB5IzXJZRZeK9TigzUyrNc9pSmNqAerJRBcNq1ETrmttMWRgaYZzC561IgEO3ygKsDJTYDTozABXa4b/fTQQ=="
		},
		"antlr4ts": {
			"version": "0.5.0-alpha.4",
			"resolved": "https://registry.npmjs.org/antlr4ts/-/antlr4ts-0.5.0-alpha.4.tgz",
			"integrity": "sha512-WPQDt1B74OfPv/IMS2ekXAKkTZIHl88uMetg6q3OTqgFxZ/dxDXI0EWLyZid/1Pe6hTftyg5N7gel5wNAGxXyQ=="
		},
		"ts-sc-client-ws": {
			"version": "0.3.3",
			"resolved": "https://registry.npmjs.org/ts-sc-client-ws/-/ts-sc-client-ws-0.3.3.tgz",
			"integrity": "sha512-WfKbW8fT/KV/+yZczSek85QCWBfb/ZzJzItEdWH/stlmSBcUpbWO8n9UcRjQ9/P81RzevJCn0elllvzfma1gyQ==",
			"requires": {
				"ws": "8.10.0"
			}
		},
		"typescript": {
			"version": "4.8.3",
			"resolved": "https://registry.npmjs.org/typescript/-/typescript-4.8.3.tgz",
			"integrity": "sha512-goMHfm00nWPa8UvR/CPSvykqf6dVV8x/dp0c5mFTMTIu0u0FlGWRioyy7Nn0PGAdHxpJZnuO/ut+PpQ8UiHAig=="
		},
		"vscode-jsonrpc": {
			"version": "4.0.0",
			"resolved": "https://registry.npmjs.org/vscode-jsonrpc/-/vscode-jsonrpc-4.0.0.tgz",
			"integrity": "sha512-perEnXQdQOJMTDFNv+UF3h1Y0z4iSiaN9jIlb0OqIYgosPCZGYh/MCUlkFtV2668PL69lRDO32hmvL2yiidUYg=="
		},
		"vscode-languageserver": {
			"version": "5.2.1",
			"resolved": "https://registry.npmjs.org/vscode-languageserver/-/vscode-languageserver-5.2.1.tgz",
			"integrity": "sha512-GuayqdKZqAwwaCUjDvMTAVRPJOp/SLON3mJ07eGsx/Iq9HjRymhKWztX41rISqDKhHVVyFM+IywICyZDla6U3A==",
			"requires": {
				"vscode-languageserver-protocol": "3.14.1",
				"vscode-uri": "^1.0.6"
			}
		},
		"vscode-languageserver-protocol": {
			"version": "3.14.1",
			"resolved": "https://registry.npmjs.org/vscode-languageserver-protocol/-/vscode-languageserver-protocol-3.14.1.tgz",
			"integrity": "sha512-IL66BLb2g20uIKog5Y2dQ0IiigW0XKrvmWiOvc0yXw80z3tMEzEnHjaGAb3ENuU7MnQqgnYJ1Cl2l9RvNgDi4g==",
			"requires": {
				"vscode-jsonrpc": "^4.0.0",
				"vscode-languageserver-types": "3.14.0"
			}
		},
		"vscode-languageserver-types": {
			"version": "3.14.0",
			"resolved": "https://registry.npmjs.org/vscode-languageserver-types/-/vscode-languageserver-types-3.14.0.tgz",
			"integrity": "sha512-lTmS6AlAlMHOvPQemVwo3CezxBp0sNB95KNPkqp3Nxd5VFEnuG1ByM0zlRWos0zjO3ZWtkvhal0COgiV1xIA4A=="
		},
		"vscode-uri": {
			"version": "1.0.8",
			"resolved": "https://registry.npmjs.org/vscode-uri/-/vscode-uri-1.0.8.tgz",
			"integrity": "sha512-obtSWTlbJ+a+TFRYGaUumtVwb+InIUVI0Lu0VBUAPmj2cU5JutEXg3xUE0c2J5Tcy7h2DEKVJBFi+Y9ZSFzzPQ=="
		},
		"ws": {
			"version": "8.10.0",
			"resolved": "https://registry.npmjs.org/ws/-/ws-8.10.0.tgz",
			"integrity": "sha512-+s49uSmZpvtAsd2h37vIPy1RBusaLawVe8of+GyEPsaJTCMpj/2v8NpeK1SHXjBlQ95lQTmQofOJnFiLoaN3yw==",
			"requires": {}
		}
	}
}
